// !$*UTF8*$!
{
	archiveVersion = 1;
	classes = {
	};
	objectVersion = 55;
	objects = {

/* Begin PBXBuildFile section */
		9A4D7A4828B602C8002A4807 /* BackgroundView.swift in Sources */ = {isa = PBXBuildFile; fileRef = 9A4D7A4728B602C8002A4807 /* BackgroundView.swift */; };
		9AABA96E28B473E100866E71 /* TodoAppApp.swift in Sources */ = {isa = PBXBuildFile; fileRef = 9AABA96D28B473E100866E71 /* TodoAppApp.swift */; };
		9AABA97028B473E100866E71 /* ContentView.swift in Sources */ = {isa = PBXBuildFile; fileRef = 9AABA96F28B473E100866E71 /* ContentView.swift */; };
		9AABA97228B473E200866E71 /* Assets.xcassets in Resources */ = {isa = PBXBuildFile; fileRef = 9AABA97128B473E200866E71 /* Assets.xcassets */; };
		9AABA97528B473E200866E71 /* Preview Assets.xcassets in Resources */ = {isa = PBXBuildFile; fileRef = 9AABA97428B473E200866E71 /* Preview Assets.xcassets */; };
		9AABA97F28B473E200866E71 /* TodoAppTests.swift in Sources */ = {isa = PBXBuildFile; fileRef = 9AABA97E28B473E200866E71 /* TodoAppTests.swift */; };
		9AABA98928B473E200866E71 /* TodoAppUITests.swift in Sources */ = {isa = PBXBuildFile; fileRef = 9AABA98828B473E200866E71 /* TodoAppUITests.swift */; };
		9AABA98B28B473E200866E71 /* TodoAppUITestsLaunchTests.swift in Sources */ = {isa = PBXBuildFile; fileRef = 9AABA98A28B473E200866E71 /* TodoAppUITestsLaunchTests.swift */; };
		9AABA99C28B474DB00866E71 /* Colors.xcassets in Resources */ = {isa = PBXBuildFile; fileRef = 9AABA99B28B474DB00866E71 /* Colors.xcassets */; };
		9AABA99E28B4759500866E71 /* ColorManager.swift in Sources */ = {isa = PBXBuildFile; fileRef = 9AABA99D28B4759500866E71 /* ColorManager.swift */; };
		9AABA9A028B4761100866E71 /* HomePage.swift in Sources */ = {isa = PBXBuildFile; fileRef = 9AABA99F28B4761100866E71 /* HomePage.swift */; };
		9AABA9A228B4C8F600866E71 /* AddTodoPage.swift in Sources */ = {isa = PBXBuildFile; fileRef = 9AABA9A128B4C8F600866E71 /* AddTodoPage.swift */; };
		9AABA9A628B4CE9D00866E71 /* TodoTaskPage.swift in Sources */ = {isa = PBXBuildFile; fileRef = 9AABA9A528B4CE9D00866E71 /* TodoTaskPage.swift */; };
		9AABA9A828B4D84D00866E71 /* LocalStorage.swift in Sources */ = {isa = PBXBuildFile; fileRef = 9AABA9A728B4D84D00866E71 /* LocalStorage.swift */; };
/* End PBXBuildFile section */

/* Begin PBXContainerItemProxy section */
		9AABA97B28B473E200866E71 /* PBXContainerItemProxy */ = {
			isa = PBXContainerItemProxy;
			containerPortal = 9AABA96228B473E100866E71 /* Project object */;
			proxyType = 1;
			remoteGlobalIDString = 9AABA96928B473E100866E71;
			remoteInfo = TodoApp;
		};
		9AABA98528B473E200866E71 /* PBXContainerItemProxy */ = {
			isa = PBXContainerItemProxy;
			containerPortal = 9AABA96228B473E100866E71 /* Project object */;
			proxyType = 1;
			remoteGlobalIDString = 9AABA96928B473E100866E71;
			remoteInfo = TodoApp;
		};
/* End PBXContainerItemProxy section */

/* Begin PBXFileReference section */
		9A4D7A4728B602C8002A4807 /* BackgroundView.swift */ = {isa = PBXFileReference; lastKnownFileType = sourcecode.swift; path = BackgroundView.swift; sourceTree = "<group>"; };
		9AABA96A28B473E100866E71 /* TodoApp.app */ = {isa = PBXFileReference; explicitFileType = wrapper.application; includeInIndex = 0; path = TodoApp.app; sourceTree = BUILT_PRODUCTS_DIR; };
		9AABA96D28B473E100866E71 /* TodoAppApp.swift */ = {isa = PBXFileReference; lastKnownFileType = sourcecode.swift; path = TodoAppApp.swift; sourceTree = "<group>"; };
		9AABA96F28B473E100866E71 /* ContentView.swift */ = {isa = PBXFileReference; lastKnownFileType = sourcecode.swift; path = ContentView.swift; sourceTree = "<group>"; };
		9AABA97128B473E200866E71 /* Assets.xcassets */ = {isa = PBXFileReference; lastKnownFileType = folder.assetcatalog; path = Assets.xcassets; sourceTree = "<group>"; };
		9AABA97428B473E200866E71 /* Preview Assets.xcassets */ = {isa = PBXFileReference; lastKnownFileType = folder.assetcatalog; path = "Preview Assets.xcassets"; sourceTree = "<group>"; };
		9AABA97A28B473E200866E71 /* TodoAppTests.xctest */ = {isa = PBXFileReference; explicitFileType = wrapper.cfbundle; includeInIndex = 0; path = TodoAppTests.xctest; sourceTree = BUILT_PRODUCTS_DIR; };
		9AABA97E28B473E200866E71 /* TodoAppTests.swift */ = {isa = PBXFileReference; lastKnownFileType = sourcecode.swift; path = TodoAppTests.swift; sourceTree = "<group>"; };
		9AABA98428B473E200866E71 /* TodoAppUITests.xctest */ = {isa = PBXFileReference; explicitFileType = wrapper.cfbundle; includeInIndex = 0; path = TodoAppUITests.xctest; sourceTree = BUILT_PRODUCTS_DIR; };
		9AABA98828B473E200866E71 /* TodoAppUITests.swift */ = {isa = PBXFileReference; lastKnownFileType = sourcecode.swift; path = TodoAppUITests.swift; sourceTree = "<group>"; };
		9AABA98A28B473E200866E71 /* TodoAppUITestsLaunchTests.swift */ = {isa = PBXFileReference; lastKnownFileType = sourcecode.swift; path = TodoAppUITestsLaunchTests.swift; sourceTree = "<group>"; };
		9AABA99B28B474DB00866E71 /* Colors.xcassets */ = {isa = PBXFileReference; lastKnownFileType = folder.assetcatalog; path = Colors.xcassets; sourceTree = "<group>"; };
		9AABA99D28B4759500866E71 /* ColorManager.swift */ = {isa = PBXFileReference; lastKnownFileType = sourcecode.swift; path = ColorManager.swift; sourceTree = "<group>"; };
		9AABA99F28B4761100866E71 /* HomePage.swift */ = {isa = PBXFileReference; lastKnownFileType = sourcecode.swift; path = HomePage.swift; sourceTree = "<group>"; };
		9AABA9A128B4C8F600866E71 /* AddTodoPage.swift */ = {isa = PBXFileReference; lastKnownFileType = sourcecode.swift; path = AddTodoPage.swift; sourceTree = "<group>"; };
		9AABA9A528B4CE9D00866E71 /* TodoTaskPage.swift */ = {isa = PBXFileReference; lastKnownFileType = sourcecode.swift; path = TodoTaskPage.swift; sourceTree = "<group>"; };
		9AABA9A728B4D84D00866E71 /* LocalStorage.swift */ = {isa = PBXFileReference; lastKnownFileType = sourcecode.swift; path = LocalStorage.swift; sourceTree = "<group>"; };
/* End PBXFileReference section */

/* Begin PBXFrameworksBuildPhase section */
		9AABA96728B473E100866E71 /* Frameworks */ = {
			isa = PBXFrameworksBuildPhase;
			buildActionMask = 2147483647;
			files = (
			);
			runOnlyForDeploymentPostprocessing = 0;
		};
		9AABA97728B473E200866E71 /* Frameworks */ = {
			isa = PBXFrameworksBuildPhase;
			buildActionMask = 2147483647;
			files = (
			);
			runOnlyForDeploymentPostprocessing = 0;
		};
		9AABA98128B473E200866E71 /* Frameworks */ = {
			isa = PBXFrameworksBuildPhase;
			buildActionMask = 2147483647;
			files = (
			);
			runOnlyForDeploymentPostprocessing = 0;
		};
/* End PBXFrameworksBuildPhase section */

/* Begin PBXGroup section */
		9AABA96128B473E100866E71 = {
			isa = PBXGroup;
			children = (
				9AABA96C28B473E100866E71 /* TodoApp */,
				9AABA97D28B473E200866E71 /* TodoAppTests */,
				9AABA98728B473E200866E71 /* TodoAppUITests */,
				9AABA96B28B473E100866E71 /* Products */,
			);
			sourceTree = "<group>";
		};
		9AABA96B28B473E100866E71 /* Products */ = {
			isa = PBXGroup;
			children = (
				9AABA96A28B473E100866E71 /* TodoApp.app */,
				9AABA97A28B473E200866E71 /* TodoAppTests.xctest */,
				9AABA98428B473E200866E71 /* TodoAppUITests.xctest */,
			);
			name = Products;
			sourceTree = "<group>";
		};
		9AABA96C28B473E100866E71 /* TodoApp */ = {
			isa = PBXGroup;
			children = (
				9AABA99728B4741500866E71 /* Views */,
				9AABA99A28B474C800866E71 /* Contrains */,
				9AABA97328B473E200866E71 /* Preview Content */,
				9AABA9A928B4D85600866E71 /* LocalStorage */,
			);
			path = TodoApp;
			sourceTree = "<group>";
		};
		9AABA97328B473E200866E71 /* Preview Content */ = {
			isa = PBXGroup;
			children = (
				9AABA97428B473E200866E71 /* Preview Assets.xcassets */,
			);
			path = "Preview Content";
			sourceTree = "<group>";
		};
		9AABA97D28B473E200866E71 /* TodoAppTests */ = {
			isa = PBXGroup;
			children = (
				9AABA97E28B473E200866E71 /* TodoAppTests.swift */,
			);
			path = TodoAppTests;
			sourceTree = "<group>";
		};
		9AABA98728B473E200866E71 /* TodoAppUITests */ = {
			isa = PBXGroup;
			children = (
				9AABA98828B473E200866E71 /* TodoAppUITests.swift */,
				9AABA98A28B473E200866E71 /* TodoAppUITestsLaunchTests.swift */,
			);
			path = TodoAppUITests;
			sourceTree = "<group>";
		};
		9AABA99728B4741500866E71 /* Views */ = {
			isa = PBXGroup;
			children = (
				9AABA96D28B473E100866E71 /* TodoAppApp.swift */,
				9AABA96F28B473E100866E71 /* ContentView.swift */,
				9AABA99F28B4761100866E71 /* HomePage.swift */,
				9AABA9A128B4C8F600866E71 /* AddTodoPage.swift */,
				9AABA9A528B4CE9D00866E71 /* TodoTaskPage.swift */,
				9A4D7A4728B602C8002A4807 /* BackgroundView.swift */,
			);
			path = Views;
			sourceTree = "<group>";
		};
		9AABA99A28B474C800866E71 /* Contrains */ = {
			isa = PBXGroup;
			children = (
				9AABA97128B473E200866E71 /* Assets.xcassets */,
				9AABA99B28B474DB00866E71 /* Colors.xcassets */,
				9AABA99D28B4759500866E71 /* ColorManager.swift */,
			);
			path = Contrains;
			sourceTree = "<group>";
		};
		9AABA9A928B4D85600866E71 /* LocalStorage */ = {
			isa = PBXGroup;
			children = (
				9AABA9A728B4D84D00866E71 /* LocalStorage.swift */,
			);
			path = LocalStorage;
			sourceTree = "<group>";
		};
/* End PBXGroup section */

/* Begin PBXNativeTarget section */
		9AABA96928B473E100866E71 /* TodoApp */ = {
			isa = PBXNativeTarget;
			buildConfigurationList = 9AABA98E28B473E200866E71 /* Build configuration list for PBXNativeTarget "TodoApp" */;
			buildPhases = (
				9AABA96628B473E100866E71 /* Sources */,
				9AABA96728B473E100866E71 /* Frameworks */,
				9AABA96828B473E100866E71 /* Resources */,
			);
			buildRules = (
			);
			dependencies = (
			);
			name = TodoApp;
			productName = TodoApp;
			productReference = 9AABA96A28B473E100866E71 /* TodoApp.app */;
			productType = "com.apple.product-type.application";
		};
		9AABA97928B473E200866E71 /* TodoAppTests */ = {
			isa = PBXNativeTarget;
			buildConfigurationList = 9AABA99128B473E200866E71 /* Build configuration list for PBXNativeTarget "TodoAppTests" */;
			buildPhases = (
				9AABA97628B473E200866E71 /* Sources */,
				9AABA97728B473E200866E71 /* Frameworks */,
				9AABA97828B473E200866E71 /* Resources */,
			);
			buildRules = (
			);
			dependencies = (
				9AABA97C28B473E200866E71 /* PBXTargetDependency */,
			);
			name = TodoAppTests;
			productName = TodoAppTests;
			productReference = 9AABA97A28B473E200866E71 /* TodoAppTests.xctest */;
			productType = "com.apple.product-type.bundle.unit-test";
		};
		9AABA98328B473E200866E71 /* TodoAppUITests */ = {
			isa = PBXNativeTarget;
			buildConfigurationList = 9AABA99428B473E200866E71 /* Build configuration list for PBXNativeTarget "TodoAppUITests" */;
			buildPhases = (
				9AABA98028B473E200866E71 /* Sources */,
				9AABA98128B473E200866E71 /* Frameworks */,
				9AABA98228B473E200866E71 /* Resources */,
			);
			buildRules = (
			);
			dependencies = (
				9AABA98628B473E200866E71 /* PBXTargetDependency */,
			);
			name = TodoAppUITests;
			productName = TodoAppUITests;
			productReference = 9AABA98428B473E200866E71 /* TodoAppUITests.xctest */;
			productType = "com.apple.product-type.bundle.ui-testing";
		};
/* End PBXNativeTarget section */

/* Begin PBXProject section */
		9AABA96228B473E100866E71 /* Project object */ = {
			isa = PBXProject;
			attributes = {
				BuildIndependentTargetsInParallel = 1;
				LastSwiftUpdateCheck = 1340;
				LastUpgradeCheck = 1340;
				TargetAttributes = {
					9AABA96928B473E100866E71 = {
						CreatedOnToolsVersion = 13.4;
					};
					9AABA97928B473E200866E71 = {
						CreatedOnToolsVersion = 13.4;
						TestTargetID = 9AABA96928B473E100866E71;
					};
					9AABA98328B473E200866E71 = {
						CreatedOnToolsVersion = 13.4;
						TestTargetID = 9AABA96928B473E100866E71;
					};
				};
			};
			buildConfigurationList = 9AABA96528B473E100866E71 /* Build configuration list for PBXProject "TodoApp" */;
			compatibilityVersion = "Xcode 13.0";
			developmentRegion = en;
			hasScannedForEncodings = 0;
			knownRegions = (
				en,
				Base,
			);
			mainGroup = 9AABA96128B473E100866E71;
			productRefGroup = 9AABA96B28B473E100866E71 /* Products */;
			projectDirPath = "";
			projectRoot = "";
			targets = (
				9AABA96928B473E100866E71 /* TodoApp */,
				9AABA97928B473E200866E71 /* TodoAppTests */,
				9AABA98328B473E200866E71 /* TodoAppUITests */,
			);
		};
/* End PBXProject section */

/* Begin PBXResourcesBuildPhase section */
		9AABA96828B473E100866E71 /* Resources */ = {
			isa = PBXResourcesBuildPhase;
			buildActionMask = 2147483647;
			files = (
				9AABA99C28B474DB00866E71 /* Colors.xcassets in Resources */,
				9AABA97528B473E200866E71 /* Preview Assets.xcassets in Resources */,
				9AABA97228B473E200866E71 /* Assets.xcassets in Resources */,
			);
			runOnlyForDeploymentPostprocessing = 0;
		};
		9AABA97828B473E200866E71 /* Resources */ = {
			isa = PBXResourcesBuildPhase;
			buildActionMask = 2147483647;
			files = (
			);
			runOnlyForDeploymentPostprocessing = 0;
		};
		9AABA98228B473E200866E71 /* Resources */ = {
			isa = PBXResourcesBuildPhase;
			buildActionMask = 2147483647;
			files = (
			);
			runOnlyForDeploymentPostprocessing = 0;
		};
/* End PBXResourcesBuildPhase section */

/* Begin PBXSourcesBuildPhase section */
		9AABA96628B473E100866E71 /* Sources */ = {
			isa = PBXSourcesBuildPhase;
			buildActionMask = 2147483647;
			files = (
				9AABA99E28B4759500866E71 /* ColorManager.swift in Sources */,
				9AABA9A628B4CE9D00866E71 /* TodoTaskPage.swift in Sources */,
				9A4D7A4828B602C8002A4807 /* BackgroundView.swift in Sources */,
				9AABA97028B473E100866E71 /* ContentView.swift in Sources */,
				9AABA96E28B473E100866E71 /* TodoAppApp.swift in Sources */,
				9AABA9A228B4C8F600866E71 /* AddTodoPage.swift in Sources */,
				9AABA9A828B4D84D00866E71 /* LocalStorage.swift in Sources */,
				9AABA9A028B4761100866E71 /* HomePage.swift in Sources */,
			);
			runOnlyForDeploymentPostprocessing = 0;
		};
		9AABA97628B473E200866E71 /* Sources */ = {
			isa = PBXSourcesBuildPhase;
			buildActionMask = 2147483647;
			files = (
				9AABA97F28B473E200866E71 /* TodoAppTests.swift in Sources */,
			);
			runOnlyForDeploymentPostprocessing = 0;
		};
		9AABA98028B473E200866E71 /* Sources */ = {
			isa = PBXSourcesBuildPhase;
			buildActionMask = 2147483647;
			files = (
				9AABA98B28B473E200866E71 /* TodoAppUITestsLaunchTests.swift in Sources */,
				9AABA98928B473E200866E71 /* TodoAppUITests.swift in Sources */,
			);
			runOnlyForDeploymentPostprocessing = 0;
		};
/* End PBXSourcesBuildPhase section */

/* Begin PBXTargetDependency section */
		9AABA97C28B473E200866E71 /* PBXTargetDependency */ = {
			isa = PBXTargetDependency;
			target = 9AABA96928B473E100866E71 /* TodoApp */;
			targetProxy = 9AABA97B28B473E200866E71 /* PBXContainerItemProxy */;
		};
		9AABA98628B473E200866E71 /* PBXTargetDependency */ = {
			isa = PBXTargetDependency;
			target = 9AABA96928B473E100866E71 /* TodoApp */;
			targetProxy = 9AABA98528B473E200866E71 /* PBXContainerItemProxy */;
		};
/* End PBXTargetDependency section */

/* Begin XCBuildConfiguration section */
		9AABA98C28B473E200866E71 /* Debug */ = {
			isa = XCBuildConfiguration;
			buildSettings = {
				ALWAYS_SEARCH_USER_PATHS = NO;
				CLANG_ANALYZER_NONNULL = YES;
				CLANG_ANALYZER_NUMBER_OBJECT_CONVERSION = YES_AGGRESSIVE;
				CLANG_CXX_LANGUAGE_STANDARD = "gnu++17";
				CLANG_ENABLE_MODULES = YES;
				CLANG_ENABLE_OBJC_ARC = YES;
				CLANG_ENABLE_OBJC_WEAK = YES;
				CLANG_WARN_BLOCK_CAPTURE_AUTORELEASING = YES;
				CLANG_WARN_BOOL_CONVERSION = YES;
				CLANG_WARN_COMMA = YES;
				CLANG_WARN_CONSTANT_CONVERSION = YES;
				CLANG_WARN_DEPRECATED_OBJC_IMPLEMENTATIONS = YES;
				CLANG_WARN_DIRECT_OBJC_ISA_USAGE = YES_ERROR;
				CLANG_WARN_DOCUMENTATION_COMMENTS = YES;
				CLANG_WARN_EMPTY_BODY = YES;
				CLANG_WARN_ENUM_CONVERSION = YES;
				CLANG_WARN_INFINITE_RECURSION = YES;
				CLANG_WARN_INT_CONVERSION = YES;
				CLANG_WARN_NON_LITERAL_NULL_CONVERSION = YES;
				CLANG_WARN_OBJC_IMPLICIT_RETAIN_SELF = YES;
				CLANG_WARN_OBJC_LITERAL_CONVERSION = YES;
				CLANG_WARN_OBJC_ROOT_CLASS = YES_ERROR;
				CLANG_WARN_QUOTED_INCLUDE_IN_FRAMEWORK_HEADER = YES;
				CLANG_WARN_RANGE_LOOP_ANALYSIS = YES;
				CLANG_WARN_STRICT_PROTOTYPES = YES;
				CLANG_WARN_SUSPICIOUS_MOVE = YES;
				CLANG_WARN_UNGUARDED_AVAILABILITY = YES_AGGRESSIVE;
				CLANG_WARN_UNREACHABLE_CODE = YES;
				CLANG_WARN__DUPLICATE_METHOD_MATCH = YES;
				COPY_PHASE_STRIP = NO;
				DEBUG_INFORMATION_FORMAT = dwarf;
				ENABLE_STRICT_OBJC_MSGSEND = YES;
				ENABLE_TESTABILITY = YES;
				GCC_C_LANGUAGE_STANDARD = gnu11;
				GCC_DYNAMIC_NO_PIC = NO;
				GCC_NO_COMMON_BLOCKS = YES;
				GCC_OPTIMIZATION_LEVEL = 0;
				GCC_PREPROCESSOR_DEFINITIONS = (
					"DEBUG=1",
					"$(inherited)",
				);
				GCC_WARN_64_TO_32_BIT_CONVERSION = YES;
				GCC_WARN_ABOUT_RETURN_TYPE = YES_ERROR;
				GCC_WARN_UNDECLARED_SELECTOR = YES;
				GCC_WARN_UNINITIALIZED_AUTOS = YES_AGGRESSIVE;
				GCC_WARN_UNUSED_FUNCTION = YES;
				GCC_WARN_UNUSED_VARIABLE = YES;
				IPHONEOS_DEPLOYMENT_TARGET = 15.5;
				MTL_ENABLE_DEBUG_INFO = INCLUDE_SOURCE;
				MTL_FAST_MATH = YES;
				ONLY_ACTIVE_ARCH = YES;
				SDKROOT = iphoneos;
				SWIFT_ACTIVE_COMPILATION_CONDITIONS = DEBUG;
				SWIFT_OPTIMIZATION_LEVEL = "-Onone";
			};
			name = Debug;
		};
		9AABA98D28B473E200866E71 /* Release */ = {
			isa = XCBuildConfiguration;
			buildSettings = {
				ALWAYS_SEARCH_USER_PATHS = NO;
				CLANG_ANALYZER_NONNULL = YES;
				CLANG_ANALYZER_NUMBER_OBJECT_CONVERSION = YES_AGGRESSIVE;
				CLANG_CXX_LANGUAGE_STANDARD = "gnu++17";
				CLANG_ENABLE_MODULES = YES;
				CLANG_ENABLE_OBJC_ARC = YES;
				CLANG_ENABLE_OBJC_WEAK = YES;
				CLANG_WARN_BLOCK_CAPTURE_AUTORELEASING = YES;
				CLANG_WARN_BOOL_CONVERSION = YES;
				CLANG_WARN_COMMA = YES;
				CLANG_WARN_CONSTANT_CONVERSION = YES;
				CLANG_WARN_DEPRECATED_OBJC_IMPLEMENTATIONS = YES;
				CLANG_WARN_DIRECT_OBJC_ISA_USAGE = YES_ERROR;
				CLANG_WARN_DOCUMENTATION_COMMENTS = YES;
				CLANG_WARN_EMPTY_BODY = YES;
				CLANG_WARN_ENUM_CONVERSION = YES;
				CLANG_WARN_INFINITE_RECURSION = YES;
				CLANG_WARN_INT_CONVERSION = YES;
				CLANG_WARN_NON_LITERAL_NULL_CONVERSION = YES;
				CLANG_WARN_OBJC_IMPLICIT_RETAIN_SELF = YES;
				CLANG_WARN_OBJC_LITERAL_CONVERSION = YES;
				CLANG_WARN_OBJC_ROOT_CLASS = YES_ERROR;
				CLANG_WARN_QUOTED_INCLUDE_IN_FRAMEWORK_HEADER = YES;
				CLANG_WARN_RANGE_LOOP_ANALYSIS = YES;
				CLANG_WARN_STRICT_PROTOTYPES = YES;
				CLANG_WARN_SUSPICIOUS_MOVE = YES;
				CLANG_WARN_UNGUARDED_AVAILABILITY = YES_AGGRESSIVE;
				CLANG_WARN_UNREACHABLE_CODE = YES;
				CLANG_WARN__DUPLICATE_METHOD_MATCH = YES;
				COPY_PHASE_STRIP = NO;
				DEBUG_INFORMATION_FORMAT = "dwarf-with-dsym";
				ENABLE_NS_ASSERTIONS = NO;
				ENABLE_STRICT_OBJC_MSGSEND = YES;
				GCC_C_LANGUAGE_STANDARD = gnu11;
				GCC_NO_COMMON_BLOCKS = YES;
				GCC_WARN_64_TO_32_BIT_CONVERSION = YES;
				GCC_WARN_ABOUT_RETURN_TYPE = YES_ERROR;
				GCC_WARN_UNDECLARED_SELECTOR = YES;
				GCC_WARN_UNINITIALIZED_AUTOS = YES_AGGRESSIVE;
				GCC_WARN_UNUSED_FUNCTION = YES;
				GCC_WARN_UNUSED_VARIABLE = YES;
				IPHONEOS_DEPLOYMENT_TARGET = 15.5;
				MTL_ENABLE_DEBUG_INFO = NO;
				MTL_FAST_MATH = YES;
				SDKROOT = iphoneos;
				SWIFT_COMPILATION_MODE = wholemodule;
				SWIFT_OPTIMIZATION_LEVEL = "-O";
				VALIDATE_PRODUCT = YES;
			};
			name = Release;
		};
		9AABA98F28B473E200866E71 /* Debug */ = {
			isa = XCBuildConfiguration;
			buildSettings = {
				ASSETCATALOG_COMPILER_APPICON_NAME = AppIcon;
				ASSETCATALOG_COMPILER_GLOBAL_ACCENT_COLOR_NAME = AccentColor;
				CODE_SIGN_STYLE = Automatic;
				CURRENT_PROJECT_VERSION = 1;
				DEVELOPMENT_ASSET_PATHS = "\"TodoApp/Preview Content\"";
				ENABLE_PREVIEWS = YES;
				GENERATE_INFOPLIST_FILE = YES;
				INFOPLIST_KEY_UIApplicationSceneManifest_Generation = YES;
				INFOPLIST_KEY_UIApplicationSupportsIndirectInputEvents = YES;
				INFOPLIST_KEY_UILaunchScreen_Generation = YES;
				INFOPLIST_KEY_UISupportedInterfaceOrientations_iPad = "UIInterfaceOrientationPortrait UIInterfaceOrientationPortraitUpsideDown UIInterfaceOrientationLandscapeLeft UIInterfaceOrientationLandscapeRight";
				INFOPLIST_KEY_UISupportedInterfaceOrientations_iPhone = "UIInterfaceOrientationPortrait UIInterfaceOrientationLandscapeLeft UIInterfaceOrientationLandscapeRight";
				LD_RUNPATH_SEARCH_PATHS = (
					"$(inherited)",
					"@executable_path/Frameworks",
				);
				MARKETING_VERSION = 1.0;
				PRODUCT_BUNDLE_IDENTIFIER = com.haolc.TodoApp;
				PRODUCT_NAME = "$(TARGET_NAME)";
				SWIFT_EMIT_LOC_STRINGS = YES;
				SWIFT_VERSION = 5.0;
				TARGETED_DEVICE_FAMILY = "1,2";
			};
			name = Debug;
		};
		9AABA99028B473E200866E71 /* Release */ = {
			isa = XCBuildConfiguration;
			buildSettings = {
				ASSETCATALOG_COMPILER_APPICON_NAME = AppIcon;
				ASSETCATALOG_COMPILER_GLOBAL_ACCENT_COLOR_NAME = AccentColor;
				CODE_SIGN_STYLE = Automatic;
				CURRENT_PROJECT_VERSION = 1;
				DEVELOPMENT_ASSET_PATHS = "\"TodoApp/Preview Content\"";
				ENABLE_PREVIEWS = YES;
				GENERATE_INFOPLIST_FILE = YES;
				INFOPLIST_KEY_UIApplicationSceneManifest_Generation = YES;
				INFOPLIST_KEY_UIApplicationSupportsIndirectInputEvents = YES;
				INFOPLIST_KEY_UILaunchScreen_Generation = YES;
				INFOPLIST_KEY_UISupportedInterfaceOrientations_iPad = "UIInterfaceOrientationPortrait UIInterfaceOrientationPortraitUpsideDown UIInterfaceOrientationLandscapeLeft UIInterfaceOrientationLandscapeRight";
				INFOPLIST_KEY_UISupportedInterfaceOrientations_iPhone = "UIInterfaceOrientationPortrait UIInterfaceOrientationLandscapeLeft UIInterfaceOrientationLandscapeRight";
				LD_RUNPATH_SEARCH_PATHS = (
					"$(inherited)",
					"@executable_path/Frameworks",
				);
				MARKETING_VERSION = 1.0;
				PRODUCT_BUNDLE_IDENTIFIER = com.haolc.TodoApp;
				PRODUCT_NAME = "$(TARGET_NAME)";
				SWIFT_EMIT_LOC_STRINGS = YES;
				SWIFT_VERSION = 5.0;
				TARGETED_DEVICE_FAMILY = "1,2";
			};
			name = Release;
		};
		9AABA99228B473E200866E71 /* Debug */ = {
			isa = XCBuildConfiguration;
			buildSettings = {
				ALWAYS_EMBED_SWIFT_STANDARD_LIBRARIES = YES;
				BUNDLE_LOADER = "$(TEST_HOST)";
				CODE_SIGN_STYLE = Automatic;
				CURRENT_PROJECT_VERSION = 1;
				GENERATE_INFOPLIST_FILE = YES;
				IPHONEOS_DEPLOYMENT_TARGET = 15.5;
				MARKETING_VERSION = 1.0;
				PRODUCT_BUNDLE_IDENTIFIER = com.haolc.TodoAppTests;
				PRODUCT_NAME = "$(TARGET_NAME)";
				SWIFT_EMIT_LOC_STRINGS = NO;
				SWIFT_VERSION = 5.0;
				TARGETED_DEVICE_FAMILY = "1,2";
				TEST_HOST = "$(BUILT_PRODUCTS_DIR)/TodoApp.app/TodoApp";
			};
			name = Debug;
		};
		9AABA99328B473E200866E71 /* Release */ = {
			isa = XCBuildConfiguration;
			buildSettings = {
				ALWAYS_EMBED_SWIFT_STANDARD_LIBRARIES = YES;
				BUNDLE_LOADER = "$(TEST_HOST)";
				CODE_SIGN_STYLE = Automatic;
				CURRENT_PROJECT_VERSION = 1;
				GENERATE_INFOPLIST_FILE = YES;
				IPHONEOS_DEPLOYMENT_TARGET = 15.5;
				MARKETING_VERSION = 1.0;
				PRODUCT_BUNDLE_IDENTIFIER = com.haolc.TodoAppTests;
				PRODUCT_NAME = "$(TARGET_NAME)";
				SWIFT_EMIT_LOC_STRINGS = NO;
				SWIFT_VERSION = 5.0;
				TARGETED_DEVICE_FAMILY = "1,2";
				TEST_HOST = "$(BUILT_PRODUCTS_DIR)/TodoApp.app/TodoApp";
			};
			name = Release;
		};
		9AABA99528B473E200866E71 /* Debug */ = {
			isa = XCBuildConfiguration;
			buildSettings = {
				ALWAYS_EMBED_SWIFT_STANDARD_LIBRARIES = YES;
				CODE_SIGN_STYLE = Automatic;
				CURRENT_PROJECT_VERSION = 1;
				GENERATE_INFOPLIST_FILE = YES;
				MARKETING_VERSION = 1.0;
				PRODUCT_BUNDLE_IDENTIFIER = com.haolc.TodoAppUITests;
				PRODUCT_NAME = "$(TARGET_NAME)";
				SWIFT_EMIT_LOC_STRINGS = NO;
				SWIFT_VERSION = 5.0;
				TARGETED_DEVICE_FAMILY = "1,2";
				TEST_TARGET_NAME = TodoApp;
			};
			name = Debug;
		};
		9AABA99628B473E200866E71 /* Release */ = {
			isa = XCBuildConfiguration;
			buildSettings = {
				ALWAYS_EMBED_SWIFT_STANDARD_LIBRARIES = YES;
				CODE_SIGN_STYLE = Automatic;
				CURRENT_PROJECT_VERSION = 1;
				GENERATE_INFOPLIST_FILE = YES;
				MARKETING_VERSION = 1.0;
				PRODUCT_BUNDLE_IDENTIFIER = com.haolc.TodoAppUITests;
				PRODUCT_NAME = "$(TARGET_NAME)";
				SWIFT_EMIT_LOC_STRINGS = NO;
				SWIFT_VERSION = 5.0;
				TARGETED_DEVICE_FAMILY = "1,2";
				TEST_TARGET_NAME = TodoApp;
			};
			name = Release;
		};
/* End XCBuildConfiguration section */

/* Begin XCConfigurationList section */
		9AABA96528B473E100866E71 /* Build configuration list for PBXProject "TodoApp" */ = {
			isa = XCConfigurationList;
			buildConfigurations = (
				9AABA98C28B473E200866E71 /* Debug */,
				9AABA98D28B473E200866E71 /* Release */,
			);
			defaultConfigurationIsVisible = 0;
			defaultConfigurationName = Release;
		};
		9AABA98E28B473E200866E71 /* Build configuration list for PBXNativeTarget "TodoApp" */ = {
			isa = XCConfigurationList;
			buildConfigurations = (
				9AABA98F28B473E200866E71 /* Debug */,
				9AABA99028B473E200866E71 /* Release */,
			);
			defaultConfigurationIsVisible = 0;
			defaultConfigurationName = Release;
		};
		9AABA99128B473E200866E71 /* Build configuration list for PBXNativeTarget "TodoAppTests" */ = {
			isa = XCConfigurationList;
			buildConfigurations = (
				9AABA99228B473E200866E71 /* Debug */,
				9AABA99328B473E200866E71 /* Release */,
			);
			defaultConfigurationIsVisible = 0;
			defaultConfigurationName = Release;
		};
		9AABA99428B473E200866E71 /* Build configuration list for PBXNativeTarget "TodoAppUITests" */ = {
			isa = XCConfigurationList;
			buildConfigurations = (
				9AABA99528B473E200866E71 /* Debug */,
				9AABA99628B473E200866E71 /* Release */,
			);
			defaultConfigurationIsVisible = 0;
			defaultConfigurationName = Release;
		};
/* End XCConfigurationList section */
	};
	rootObject = 9AABA96228B473E100866E71 /* Project object */;
}
